
Microsoft Visual Studio Solution File, Format Version 12.00
# Visual Studio Version 16
VisualStudioVersion = 16.0.30517.126
MinimumVisualStudioVersion = 10.0.40219.1
Project("{9A19103F-16F7-4668-BE54-9A1E7A4F7556}") = "Week9", "Week9\Week9.csproj", "{8EC19E1A-A589-496D-9EF3-A4F253B6DC11}"
EndProject
Project("{E53339B2-1760-4266-BCC7-CA923CBCF16C}") = "docker-compose", "docker-compose.dcproj", "{8D49BA74-985E-4F10-B432-93BEE01DE234}"
EndProject
Project("{9A19103F-16F7-4668-BE54-9A1E7A4F7556}") = "RabbitConsole", "RabbitConsole\RabbitConsole.csproj", "{9A775344-B0D4-4225-B5DB-25B66ACB363B}"
EndProject
Project("{2150E333-8FDC-42A3-9474-1A3956D46DE8}") = "Solution Items", "Solution Items", "{FC35B75E-CEBA-4DA5-B7ED-8629F8D49BA9}"
	ProjectSection(SolutionItems) = preProject
		readme.md = readme.md
	EndProjectSection
EndProject
Project("{FAE04EC0-301F-11D3-BF4B-00C04F79EFBC}") = "Host-ess", "Host-ess\Host-ess.csproj", "{940604F7-0FF3-4380-934E-E503229442B6}"
EndProject
Project("{FAE04EC0-301F-11D3-BF4B-00C04F79EFBC}") = "WaitStaff", "WaitStaff\WaitStaff.csproj", "{A481597C-5D03-447E-8E21-CE3CAEC655CA}"
EndProject
Project("{FAE04EC0-301F-11D3-BF4B-00C04F79EFBC}") = "Bartender", "Bartender\Bartender.csproj", "{AC685576-7E99-4515-8F67-767D234D1A10}"
EndProject
Project("{FAE04EC0-301F-11D3-BF4B-00C04F79EFBC}") = "Kitchen", "Kitchen\Kitchen.csproj", "{46E3605F-66CA-487E-B9A9-D38ADA43C94F}"
EndProject
Project("{FAE04EC0-301F-11D3-BF4B-00C04F79EFBC}") = "BusBoy", "BusBoy\BusBoy.csproj", "{6DB71F82-56AB-4107-AF19-5D32E17A2547}"
EndProject
Global
	GlobalSection(SolutionConfigurationPlatforms) = preSolution
		Debug|Any CPU = Debug|Any CPU
		Release|Any CPU = Release|Any CPU
	EndGlobalSection
	GlobalSection(ProjectConfigurationPlatforms) = postSolution
		{8EC19E1A-A589-496D-9EF3-A4F253B6DC11}.Debug|Any CPU.ActiveCfg = Debug|Any CPU
		{8EC19E1A-A589-496D-9EF3-A4F253B6DC11}.Debug|Any CPU.Build.0 = Debug|Any CPU
		{8EC19E1A-A589-496D-9EF3-A4F253B6DC11}.Release|Any CPU.ActiveCfg = Release|Any CPU
		{8EC19E1A-A589-496D-9EF3-A4F253B6DC11}.Release|Any CPU.Build.0 = Release|Any CPU
		{8D49BA74-985E-4F10-B432-93BEE01DE234}.Debug|Any CPU.ActiveCfg = Debug|Any CPU
		{8D49BA74-985E-4F10-B432-93BEE01DE234}.Debug|Any CPU.Build.0 = Debug|Any CPU
		{8D49BA74-985E-4F10-B432-93BEE01DE234}.Release|Any CPU.ActiveCfg = Release|Any CPU
		{8D49BA74-985E-4F10-B432-93BEE01DE234}.Release|Any CPU.Build.0 = Release|Any CPU
		{9A775344-B0D4-4225-B5DB-25B66ACB363B}.Debug|Any CPU.ActiveCfg = Debug|Any CPU
		{9A775344-B0D4-4225-B5DB-25B66ACB363B}.Debug|Any CPU.Build.0 = Debug|Any CPU
		{9A775344-B0D4-4225-B5DB-25B66ACB363B}.Release|Any CPU.ActiveCfg = Release|Any CPU
		{9A775344-B0D4-4225-B5DB-25B66ACB363B}.Release|Any CPU.Build.0 = Release|Any CPU
		{940604F7-0FF3-4380-934E-E503229442B6}.Debug|Any CPU.ActiveCfg = Debug|Any CPU
		{940604F7-0FF3-4380-934E-E503229442B6}.Debug|Any CPU.Build.0 = Debug|Any CPU
		{940604F7-0FF3-4380-934E-E503229442B6}.Release|Any CPU.ActiveCfg = Release|Any CPU
		{940604F7-0FF3-4380-934E-E503229442B6}.Release|Any CPU.Build.0 = Release|Any CPU
		{A481597C-5D03-447E-8E21-CE3CAEC655CA}.Debug|Any CPU.ActiveCfg = Debug|Any CPU
		{A481597C-5D03-447E-8E21-CE3CAEC655CA}.Debug|Any CPU.Build.0 = Debug|Any CPU
		{A481597C-5D03-447E-8E21-CE3CAEC655CA}.Release|Any CPU.ActiveCfg = Release|Any CPU
		{A481597C-5D03-447E-8E21-CE3CAEC655CA}.Release|Any CPU.Build.0 = Release|Any CPU
		{AC685576-7E99-4515-8F67-767D234D1A10}.Debug|Any CPU.ActiveCfg = Debug|Any CPU
		{AC685576-7E99-4515-8F67-767D234D1A10}.Debug|Any CPU.Build.0 = Debug|Any CPU
		{AC685576-7E99-4515-8F67-767D234D1A10}.Release|Any CPU.ActiveCfg = Release|Any CPU
		{AC685576-7E99-4515-8F67-767D234D1A10}.Release|Any CPU.Build.0 = Release|Any CPU
		{46E3605F-66CA-487E-B9A9-D38ADA43C94F}.Debug|Any CPU.ActiveCfg = Debug|Any CPU
		{46E3605F-66CA-487E-B9A9-D38ADA43C94F}.Debug|Any CPU.Build.0 = Debug|Any CPU
		{46E3605F-66CA-487E-B9A9-D38ADA43C94F}.Release|Any CPU.ActiveCfg = Release|Any CPU
		{46E3605F-66CA-487E-B9A9-D38ADA43C94F}.Release|Any CPU.Build.0 = Release|Any CPU
		{6DB71F82-56AB-4107-AF19-5D32E17A2547}.Debug|Any CPU.ActiveCfg = Debug|Any CPU
		{6DB71F82-56AB-4107-AF19-5D32E17A2547}.Debug|Any CPU.Build.0 = Debug|Any CPU
		{6DB71F82-56AB-4107-AF19-5D32E17A2547}.Release|Any CPU.ActiveCfg = Release|Any CPU
		{6DB71F82-56AB-4107-AF19-5D32E17A2547}.Release|Any CPU.Build.0 = Release|Any CPU
	EndGlobalSection
	GlobalSection(SolutionProperties) = preSolution
		HideSolutionNode = FALSE
	EndGlobalSection
	GlobalSection(ExtensibilityGlobals) = postSolution
		SolutionGuid = {E39B9ABF-B6C2-4CA9-A9E8-E58031858D4D}
	EndGlobalSection
EndGlobal
